// !$*UTF8*$!
{
	archiveVersion = 1;
	classes = {
	};
	objectVersion = 56;
	objects = {

/* Begin PBXBuildFile section */
		238A315C2CA8D0D40063C615 /* RideViewModel.swift in Sources */ = {isa = PBXBuildFile; fileRef = 238A315B2CA8D0D40063C615 /* RideViewModel.swift */; };
		238A315E2CA8D2F20063C615 /* VehicleDetailViewModel.swift in Sources */ = {isa = PBXBuildFile; fileRef = 238A315D2CA8D2F20063C615 /* VehicleDetailViewModel.swift */; };
		238A31602CA8D3E70063C615 /* VehicleListViewModelTests.swift in Sources */ = {isa = PBXBuildFile; fileRef = 238A315F2CA8D3E70063C615 /* VehicleListViewModelTests.swift */; };
		238FC8332CA76CDA008A7D2B /* RidesTests.swift in Sources */ = {isa = PBXBuildFile; fileRef = 238FC8322CA76CDA008A7D2B /* RidesTests.swift */; };
		23E13CB42CA706DB00253006 /* RidesApp.swift in Sources */ = {isa = PBXBuildFile; fileRef = 23E13CB32CA706DB00253006 /* RidesApp.swift */; };
		23E13CB62CA706DB00253006 /* ContentView.swift in Sources */ = {isa = PBXBuildFile; fileRef = 23E13CB52CA706DB00253006 /* ContentView.swift */; };
		23E13CB82CA706DC00253006 /* Assets.xcassets in Resources */ = {isa = PBXBuildFile; fileRef = 23E13CB72CA706DC00253006 /* Assets.xcassets */; };
		23E13CBB2CA706DC00253006 /* Preview Assets.xcassets in Resources */ = {isa = PBXBuildFile; fileRef = 23E13CBA2CA706DC00253006 /* Preview Assets.xcassets */; };
		23E13CC22CA70BC200253006 /* Config.plist in Resources */ = {isa = PBXBuildFile; fileRef = 23E13CC12CA70BC200253006 /* Config.plist */; };
		23E13CC42CA718A000253006 /* Ride.swift in Sources */ = {isa = PBXBuildFile; fileRef = 23E13CC32CA718A000253006 /* Ride.swift */; };
		23E13CC62CA71F7600253006 /* VehicleDetail.swift in Sources */ = {isa = PBXBuildFile; fileRef = 23E13CC52CA71F7600253006 /* VehicleDetail.swift */; };
/* End PBXBuildFile section */

/* Begin PBXContainerItemProxy section */
		238FC8342CA76CDA008A7D2B /* PBXContainerItemProxy */ = {
			isa = PBXContainerItemProxy;
			containerPortal = 23E13CA82CA706DB00253006 /* Project object */;
			proxyType = 1;
			remoteGlobalIDString = 23E13CAF2CA706DB00253006;
			remoteInfo = Rides;
		};
/* End PBXContainerItemProxy section */

/* Begin PBXFileReference section */
		238A315B2CA8D0D40063C615 /* RideViewModel.swift */ = {isa = PBXFileReference; lastKnownFileType = sourcecode.swift; path = RideViewModel.swift; sourceTree = "<group>"; };
		238A315D2CA8D2F20063C615 /* VehicleDetailViewModel.swift */ = {isa = PBXFileReference; lastKnownFileType = sourcecode.swift; path = VehicleDetailViewModel.swift; sourceTree = "<group>"; };
		238A315F2CA8D3E70063C615 /* VehicleListViewModelTests.swift */ = {isa = PBXFileReference; lastKnownFileType = sourcecode.swift; path = VehicleListViewModelTests.swift; sourceTree = "<group>"; };
		238FC8302CA76CDA008A7D2B /* RidesTests.xctest */ = {isa = PBXFileReference; explicitFileType = wrapper.cfbundle; includeInIndex = 0; path = RidesTests.xctest; sourceTree = BUILT_PRODUCTS_DIR; };
		238FC8322CA76CDA008A7D2B /* RidesTests.swift */ = {isa = PBXFileReference; lastKnownFileType = sourcecode.swift; path = RidesTests.swift; sourceTree = "<group>"; };
		23E13CB02CA706DB00253006 /* Rides.app */ = {isa = PBXFileReference; explicitFileType = wrapper.application; includeInIndex = 0; path = Rides.app; sourceTree = BUILT_PRODUCTS_DIR; };
		23E13CB32CA706DB00253006 /* RidesApp.swift */ = {isa = PBXFileReference; lastKnownFileType = sourcecode.swift; path = RidesApp.swift; sourceTree = "<group>"; };
		23E13CB52CA706DB00253006 /* ContentView.swift */ = {isa = PBXFileReference; lastKnownFileType = sourcecode.swift; path = ContentView.swift; sourceTree = "<group>"; };
		23E13CB72CA706DC00253006 /* Assets.xcassets */ = {isa = PBXFileReference; lastKnownFileType = folder.assetcatalog; path = Assets.xcassets; sourceTree = "<group>"; };
		23E13CBA2CA706DC00253006 /* Preview Assets.xcassets */ = {isa = PBXFileReference; lastKnownFileType = folder.assetcatalog; path = "Preview Assets.xcassets"; sourceTree = "<group>"; };
		23E13CC12CA70BC200253006 /* Config.plist */ = {isa = PBXFileReference; lastKnownFileType = text.plist.xml; path = Config.plist; sourceTree = "<group>"; };
		23E13CC32CA718A000253006 /* Ride.swift */ = {isa = PBXFileReference; lastKnownFileType = sourcecode.swift; path = Ride.swift; sourceTree = "<group>"; };
		23E13CC52CA71F7600253006 /* VehicleDetail.swift */ = {isa = PBXFileReference; lastKnownFileType = sourcecode.swift; path = VehicleDetail.swift; sourceTree = "<group>"; };
/* End PBXFileReference section */

/* Begin PBXFrameworksBuildPhase section */
		238FC82D2CA76CDA008A7D2B /* Frameworks */ = {
			isa = PBXFrameworksBuildPhase;
			buildActionMask = 2147483647;
			files = (
			);
			runOnlyForDeploymentPostprocessing = 0;
		};
		23E13CAD2CA706DB00253006 /* Frameworks */ = {
			isa = PBXFrameworksBuildPhase;
			buildActionMask = 2147483647;
			files = (
			);
			runOnlyForDeploymentPostprocessing = 0;
		};
/* End PBXFrameworksBuildPhase section */

/* Begin PBXGroup section */
		238A31582CA8CF630063C615 /* Model */ = {
			isa = PBXGroup;
			children = (
				23E13CC32CA718A000253006 /* Ride.swift */,
			);
			path = Model;
			sourceTree = "<group>";
		};
		238A31592CA8CF760063C615 /* View */ = {
			isa = PBXGroup;
			children = (
				23E13CB52CA706DB00253006 /* ContentView.swift */,
				23E13CC52CA71F7600253006 /* VehicleDetail.swift */,
			);
			path = View;
			sourceTree = "<group>";
		};
		238A315A2CA8CF860063C615 /* ViewModel */ = {
			isa = PBXGroup;
			children = (
				238A315B2CA8D0D40063C615 /* RideViewModel.swift */,
				238A315D2CA8D2F20063C615 /* VehicleDetailViewModel.swift */,
			);
			path = ViewModel;
			sourceTree = "<group>";
		};
		238FC8312CA76CDA008A7D2B /* RidesTests */ = {
			isa = PBXGroup;
			children = (
				238FC8322CA76CDA008A7D2B /* RidesTests.swift */,
				238A315F2CA8D3E70063C615 /* VehicleListViewModelTests.swift */,
			);
			path = RidesTests;
			sourceTree = "<group>";
		};
		23E13CA72CA706DB00253006 = {
			isa = PBXGroup;
			children = (
				23E13CB22CA706DB00253006 /* Rides */,
				238FC8312CA76CDA008A7D2B /* RidesTests */,
				23E13CB12CA706DB00253006 /* Products */,
			);
			sourceTree = "<group>";
		};
		23E13CB12CA706DB00253006 /* Products */ = {
			isa = PBXGroup;
			children = (
				23E13CB02CA706DB00253006 /* Rides.app */,
				238FC8302CA76CDA008A7D2B /* RidesTests.xctest */,
			);
			name = Products;
			sourceTree = "<group>";
		};
		23E13CB22CA706DB00253006 /* Rides */ = {
			isa = PBXGroup;
			children = (
				23E13CB32CA706DB00253006 /* RidesApp.swift */,
				238A31582CA8CF630063C615 /* Model */,
				238A31592CA8CF760063C615 /* View */,
				238A315A2CA8CF860063C615 /* ViewModel */,
				23E13CC12CA70BC200253006 /* Config.plist */,
				23E13CB72CA706DC00253006 /* Assets.xcassets */,
				23E13CB92CA706DC00253006 /* Preview Content */,
			);
			path = Rides;
			sourceTree = "<group>";
		};
		23E13CB92CA706DC00253006 /* Preview Content */ = {
			isa = PBXGroup;
			children = (
				23E13CBA2CA706DC00253006 /* Preview Assets.xcassets */,
			);
			path = "Preview Content";
			sourceTree = "<group>";
		};
/* End PBXGroup section */

/* Begin PBXNativeTarget section */
		238FC82F2CA76CDA008A7D2B /* RidesTests */ = {
			isa = PBXNativeTarget;
			buildConfigurationList = 238FC8382CA76CDA008A7D2B /* Build configuration list for PBXNativeTarget "RidesTests" */;
			buildPhases = (
				238FC82C2CA76CDA008A7D2B /* Sources */,
				238FC82D2CA76CDA008A7D2B /* Frameworks */,
				238FC82E2CA76CDA008A7D2B /* Resources */,
			);
			buildRules = (
			);
			dependencies = (
				238FC8352CA76CDA008A7D2B /* PBXTargetDependency */,
			);
			name = RidesTests;
			productName = RidesTests;
			productReference = 238FC8302CA76CDA008A7D2B /* RidesTests.xctest */;
			productType = "com.apple.product-type.bundle.unit-test";
		};
		23E13CAF2CA706DB00253006 /* Rides */ = {
			isa = PBXNativeTarget;
			buildConfigurationList = 23E13CBE2CA706DC00253006 /* Build configuration list for PBXNativeTarget "Rides" */;
			buildPhases = (
				23E13CAC2CA706DB00253006 /* Sources */,
				23E13CAD2CA706DB00253006 /* Frameworks */,
				23E13CAE2CA706DB00253006 /* Resources */,
			);
			buildRules = (
			);
			dependencies = (
			);
			name = Rides;
			productName = Rides;
			productReference = 23E13CB02CA706DB00253006 /* Rides.app */;
			productType = "com.apple.product-type.application";
		};
/* End PBXNativeTarget section */

/* Begin PBXProject section */
		23E13CA82CA706DB00253006 /* Project object */ = {
			isa = PBXProject;
			attributes = {
				BuildIndependentTargetsInParallel = 1;
				LastSwiftUpdateCheck = 1540;
				LastUpgradeCheck = 1540;
				TargetAttributes = {
					238FC82F2CA76CDA008A7D2B = {
						CreatedOnToolsVersion = 15.4;
						TestTargetID = 23E13CAF2CA706DB00253006;
					};
					23E13CAF2CA706DB00253006 = {
						CreatedOnToolsVersion = 15.4;
					};
				};
			};
			buildConfigurationList = 23E13CAB2CA706DB00253006 /* Build configuration list for PBXProject "Rides" */;
			compatibilityVersion = "Xcode 14.0";
			developmentRegion = en;
			hasScannedForEncodings = 0;
			knownRegions = (
				en,
				Base,
			);
			mainGroup = 23E13CA72CA706DB00253006;
			productRefGroup = 23E13CB12CA706DB00253006 /* Products */;
			projectDirPath = "";
			projectRoot = "";
			targets = (
				23E13CAF2CA706DB00253006 /* Rides */,
				238FC82F2CA76CDA008A7D2B /* RidesTests */,
			);
		};
/* End PBXProject section */

/* Begin PBXResourcesBuildPhase section */
		238FC82E2CA76CDA008A7D2B /* Resources */ = {
			isa = PBXResourcesBuildPhase;
			buildActionMask = 2147483647;
			files = (
			);
			runOnlyForDeploymentPostprocessing = 0;
		};
		23E13CAE2CA706DB00253006 /* Resources */ = {
			isa = PBXResourcesBuildPhase;
			buildActionMask = 2147483647;
			files = (
				23E13CBB2CA706DC00253006 /* Preview Assets.xcassets in Resources */,
				23E13CC22CA70BC200253006 /* Config.plist in Resources */,
				23E13CB82CA706DC00253006 /* Assets.xcassets in Resources */,
			);
			runOnlyForDeploymentPostprocessing = 0;
		};
/* End PBXResourcesBuildPhase section */

/* Begin PBXSourcesBuildPhase section */
		238FC82C2CA76CDA008A7D2B /* Sources */ = {
			isa = PBXSourcesBuildPhase;
			buildActionMask = 2147483647;
			files = (
				238FC8332CA76CDA008A7D2B /* RidesTests.swift in Sources */,
				238A31602CA8D3E70063C615 /* VehicleListViewModelTests.swift in Sources */,
			);
			runOnlyForDeploymentPostprocessing = 0;
		};
		23E13CAC2CA706DB00253006 /* Sources */ = {
			isa = PBXSourcesBuildPhase;
			buildActionMask = 2147483647;
			files = (
				238A315C2CA8D0D40063C615 /* RideViewModel.swift in Sources */,
				23E13CB62CA706DB00253006 /* ContentView.swift in Sources */,
				238A315E2CA8D2F20063C615 /* VehicleDetailViewModel.swift in Sources */,
				23E13CC62CA71F7600253006 /* VehicleDetail.swift in Sources */,
				23E13CB42CA706DB00253006 /* RidesApp.swift in Sources */,
				23E13CC42CA718A000253006 /* Ride.swift in Sources */,
			);
			runOnlyForDeploymentPostprocessing = 0;
		};
/* End PBXSourcesBuildPhase section */

/* Begin PBXTargetDependency section */
		238FC8352CA76CDA008A7D2B /* PBXTargetDependency */ = {
			isa = PBXTargetDependency;
			target = 23E13CAF2CA706DB00253006 /* Rides */;
			targetProxy = 238FC8342CA76CDA008A7D2B /* PBXContainerItemProxy */;
		};
/* End PBXTargetDependency section */

/* Begin XCBuildConfiguration section */
		238FC8362CA76CDA008A7D2B /* Debug */ = {
			isa = XCBuildConfiguration;
			buildSettings = {
				BUNDLE_LOADER = "$(TEST_HOST)";
				CODE_SIGN_STYLE = Automatic;
				CURRENT_PROJECT_VERSION = 1;
				DEVELOPMENT_TEAM = GWFSDF5WSW;
				GENERATE_INFOPLIST_FILE = YES;
				IPHONEOS_DEPLOYMENT_TARGET = 16.0;
				MARKETING_VERSION = 1.0;
				PRODUCT_BUNDLE_IDENTIFIER = RahulTest.RidesTests;
				PRODUCT_NAME = "$(TARGET_NAME)";
				SWIFT_EMIT_LOC_STRINGS = NO;
				SWIFT_VERSION = 5.0;
				TARGETED_DEVICE_FAMILY = "1,2";
				TEST_HOST = "$(BUILT_PRODUCTS_DIR)/Rides.app/$(BUNDLE_EXECUTABLE_FOLDER_PATH)/Rides";
			};
			name = Debug;
		};
		238FC8372CA76CDA008A7D2B /* Release */ = {
			isa = XCBuildConfiguration;
			buildSettings = {
				BUNDLE_LOADER = "$(TEST_HOST)";
				CODE_SIGN_STYLE = Automatic;
				CURRENT_PROJECT_VERSION = 1;
				DEVELOPMENT_TEAM = GWFSDF5WSW;
				GENERATE_INFOPLIST_FILE = YES;
				IPHONEOS_DEPLOYMENT_TARGET = 16.0;
				MARKETING_VERSION = 1.0;
				PRODUCT_BUNDLE_IDENTIFIER = RahulTest.RidesTests;
				PRODUCT_NAME = "$(TARGET_NAME)";
				SWIFT_EMIT_LOC_STRINGS = NO;
				SWIFT_VERSION = 5.0;
				TARGETED_DEVICE_FAMILY = "1,2";
				TEST_HOST = "$(BUILT_PRODUCTS_DIR)/Rides.app/$(BUNDLE_EXECUTABLE_FOLDER_PATH)/Rides";
			};
			name = Release;
		};
		23E13CBC2CA706DC00253006 /* Debug */ = {
			isa = XCBuildConfiguration;
			buildSettings = {
				ALWAYS_SEARCH_USER_PATHS = NO;
				ASSETCATALOG_COMPILER_GENERATE_SWIFT_ASSET_SYMBOL_EXTENSIONS = YES;
				CLANG_ANALYZER_NONNULL = YES;
				CLANG_ANALYZER_NUMBER_OBJECT_CONVERSION = YES_AGGRESSIVE;
				CLANG_CXX_LANGUAGE_STANDARD = "gnu++20";
				CLANG_ENABLE_MODULES = YES;
				CLANG_ENABLE_OBJC_ARC = YES;
				CLANG_ENABLE_OBJC_WEAK = YES;
				CLANG_WARN_BLOCK_CAPTURE_AUTORELEASING = YES;
				CLANG_WARN_BOOL_CONVERSION = YES;
				CLANG_WARN_COMMA = YES;
				CLANG_WARN_CONSTANT_CONVERSION = YES;
				CLANG_WARN_DEPRECATED_OBJC_IMPLEMENTATIONS = YES;
				CLANG_WARN_DIRECT_OBJC_ISA_USAGE = YES_ERROR;
				CLANG_WARN_DOCUMENTATION_COMMENTS = YES;
				CLANG_WARN_EMPTY_BODY = YES;
				CLANG_WARN_ENUM_CONVERSION = YES;
				CLANG_WARN_INFINITE_RECURSION = YES;
				CLANG_WARN_INT_CONVERSION = YES;
				CLANG_WARN_NON_LITERAL_NULL_CONVERSION = YES;
				CLANG_WARN_OBJC_IMPLICIT_RETAIN_SELF = YES;
				CLANG_WARN_OBJC_LITERAL_CONVERSION = YES;
				CLANG_WARN_OBJC_ROOT_CLASS = YES_ERROR;
				CLANG_WARN_QUOTED_INCLUDE_IN_FRAMEWORK_HEADER = YES;
				CLANG_WARN_RANGE_LOOP_ANALYSIS = YES;
				CLANG_WARN_STRICT_PROTOTYPES = YES;
				CLANG_WARN_SUSPICIOUS_MOVE = YES;
				CLANG_WARN_UNGUARDED_AVAILABILITY = YES_AGGRESSIVE;
				CLANG_WARN_UNREACHABLE_CODE = YES;
				CLANG_WARN__DUPLICATE_METHOD_MATCH = YES;
				COPY_PHASE_STRIP = NO;
				DEBUG_INFORMATION_FORMAT = dwarf;
				ENABLE_STRICT_OBJC_MSGSEND = YES;
				ENABLE_TESTABILITY = YES;
				ENABLE_USER_SCRIPT_SANDBOXING = YES;
				GCC_C_LANGUAGE_STANDARD = gnu17;
				GCC_DYNAMIC_NO_PIC = NO;
				GCC_NO_COMMON_BLOCKS = YES;
				GCC_OPTIMIZATION_LEVEL = 0;
				GCC_PREPROCESSOR_DEFINITIONS = (
					"DEBUG=1",
					"$(inherited)",
				);
				GCC_WARN_64_TO_32_BIT_CONVERSION = YES;
				GCC_WARN_ABOUT_RETURN_TYPE = YES_ERROR;
				GCC_WARN_UNDECLARED_SELECTOR = YES;
				GCC_WARN_UNINITIALIZED_AUTOS = YES_AGGRESSIVE;
				GCC_WARN_UNUSED_FUNCTION = YES;
				GCC_WARN_UNUSED_VARIABLE = YES;
				IPHONEOS_DEPLOYMENT_TARGET = 16.0;
				LOCALIZATION_PREFERS_STRING_CATALOGS = YES;
				MTL_ENABLE_DEBUG_INFO = INCLUDE_SOURCE;
				MTL_FAST_MATH = YES;
				ONLY_ACTIVE_ARCH = YES;
				SDKROOT = iphoneos;
				SWIFT_ACTIVE_COMPILATION_CONDITIONS = "DEBUG $(inherited)";
				SWIFT_OPTIMIZATION_LEVEL = "-Onone";
			};
			name = Debug;
		};
		23E13CBD2CA706DC00253006 /* Release */ = {
			isa = XCBuildConfiguration;
			buildSettings = {
				ALWAYS_SEARCH_USER_PATHS = NO;
				ASSETCATALOG_COMPILER_GENERATE_SWIFT_ASSET_SYMBOL_EXTENSIONS = YES;
				CLANG_ANALYZER_NONNULL = YES;
				CLANG_ANALYZER_NUMBER_OBJECT_CONVERSION = YES_AGGRESSIVE;
				CLANG_CXX_LANGUAGE_STANDARD = "gnu++20";
				CLANG_ENABLE_MODULES = YES;
				CLANG_ENABLE_OBJC_ARC = YES;
				CLANG_ENABLE_OBJC_WEAK = YES;
				CLANG_WARN_BLOCK_CAPTURE_AUTORELEASING = YES;
				CLANG_WARN_BOOL_CONVERSION = YES;
				CLANG_WARN_COMMA = YES;
				CLANG_WARN_CONSTANT_CONVERSION = YES;
				CLANG_WARN_DEPRECATED_OBJC_IMPLEMENTATIONS = YES;
				CLANG_WARN_DIRECT_OBJC_ISA_USAGE = YES_ERROR;
				CLANG_WARN_DOCUMENTATION_COMMENTS = YES;
				CLANG_WARN_EMPTY_BODY = YES;
				CLANG_WARN_ENUM_CONVERSION = YES;
				CLANG_WARN_INFINITE_RECURSION = YES;
				CLANG_WARN_INT_CONVERSION = YES;
				CLANG_WARN_NON_LITERAL_NULL_CONVERSION = YES;
				CLANG_WARN_OBJC_IMPLICIT_RETAIN_SELF = YES;
				CLANG_WARN_OBJC_LITERAL_CONVERSION = YES;
				CLANG_WARN_OBJC_ROOT_CLASS = YES_ERROR;
				CLANG_WARN_QUOTED_INCLUDE_IN_FRAMEWORK_HEADER = YES;
				CLANG_WARN_RANGE_LOOP_ANALYSIS = YES;
				CLANG_WARN_STRICT_PROTOTYPES = YES;
				CLANG_WARN_SUSPICIOUS_MOVE = YES;
				CLANG_WARN_UNGUARDED_AVAILABILITY = YES_AGGRESSIVE;
				CLANG_WARN_UNREACHABLE_CODE = YES;
				CLANG_WARN__DUPLICATE_METHOD_MATCH = YES;
				COPY_PHASE_STRIP = NO;
				DEBUG_INFORMATION_FORMAT = "dwarf-with-dsym";
				ENABLE_NS_ASSERTIONS = NO;
				ENABLE_STRICT_OBJC_MSGSEND = YES;
				ENABLE_USER_SCRIPT_SANDBOXING = YES;
				GCC_C_LANGUAGE_STANDARD = gnu17;
				GCC_NO_COMMON_BLOCKS = YES;
				GCC_WARN_64_TO_32_BIT_CONVERSION = YES;
				GCC_WARN_ABOUT_RETURN_TYPE = YES_ERROR;
				GCC_WARN_UNDECLARED_SELECTOR = YES;
				GCC_WARN_UNINITIALIZED_AUTOS = YES_AGGRESSIVE;
				GCC_WARN_UNUSED_FUNCTION = YES;
				GCC_WARN_UNUSED_VARIABLE = YES;
				IPHONEOS_DEPLOYMENT_TARGET = 16.0;
				LOCALIZATION_PREFERS_STRING_CATALOGS = YES;
				MTL_ENABLE_DEBUG_INFO = NO;
				MTL_FAST_MATH = YES;
				SDKROOT = iphoneos;
				SWIFT_COMPILATION_MODE = wholemodule;
				VALIDATE_PRODUCT = YES;
			};
			name = Release;
		};
		23E13CBF2CA706DC00253006 /* Debug */ = {
			isa = XCBuildConfiguration;
			buildSettings = {
				ASSETCATALOG_COMPILER_APPICON_NAME = AppIcon;
				ASSETCATALOG_COMPILER_GLOBAL_ACCENT_COLOR_NAME = AccentColor;
				CODE_SIGN_STYLE = Automatic;
				CURRENT_PROJECT_VERSION = 1;
				DEVELOPMENT_ASSET_PATHS = "\"Rides/Preview Content\"";
				DEVELOPMENT_TEAM = GWFSDF5WSW;
				ENABLE_PREVIEWS = YES;
				GENERATE_INFOPLIST_FILE = YES;
				INFOPLIST_KEY_UIApplicationSceneManifest_Generation = YES;
				INFOPLIST_KEY_UIApplicationSupportsIndirectInputEvents = YES;
				INFOPLIST_KEY_UILaunchScreen_Generation = YES;
				INFOPLIST_KEY_UISupportedInterfaceOrientations = UIInterfaceOrientationPortrait;
				IPHONEOS_DEPLOYMENT_TARGET = 16.0;
				LD_RUNPATH_SEARCH_PATHS = (
					"$(inherited)",
					"@executable_path/Frameworks",
				);
				MARKETING_VERSION = 1.0;
				PRODUCT_BUNDLE_IDENTIFIER = RahulTest.Rides;
				PRODUCT_NAME = "$(TARGET_NAME)";
				SWIFT_EMIT_LOC_STRINGS = YES;
				SWIFT_VERSION = 5.0;
				TARGETED_DEVICE_FAMILY = "1,2";
			};
			name = Debug;
		};
		23E13CC02CA706DC00253006 /* Release */ = {
			isa = XCBuildConfiguration;
			buildSettings = {
				ASSETCATALOG_COMPILER_APPICON_NAME = AppIcon;
				ASSETCATALOG_COMPILER_GLOBAL_ACCENT_COLOR_NAME = AccentColor;
				CODE_SIGN_STYLE = Automatic;
				CURRENT_PROJECT_VERSION = 1;
				DEVELOPMENT_ASSET_PATHS = "\"Rides/Preview Content\"";
				DEVELOPMENT_TEAM = GWFSDF5WSW;
				ENABLE_PREVIEWS = YES;
				GENERATE_INFOPLIST_FILE = YES;
				INFOPLIST_KEY_UIApplicationSceneManifest_Generation = YES;
				INFOPLIST_KEY_UIApplicationSupportsIndirectInputEvents = YES;
				INFOPLIST_KEY_UILaunchScreen_Generation = YES;
				INFOPLIST_KEY_UISupportedInterfaceOrientations = UIInterfaceOrientationPortrait;
				IPHONEOS_DEPLOYMENT_TARGET = 16.0;
				LD_RUNPATH_SEARCH_PATHS = (
					"$(inherited)",
					"@executable_path/Frameworks",
				);
				MARKETING_VERSION = 1.0;
				PRODUCT_BUNDLE_IDENTIFIER = RahulTest.Rides;
				PRODUCT_NAME = "$(TARGET_NAME)";
				SWIFT_EMIT_LOC_STRINGS = YES;
				SWIFT_VERSION = 5.0;
				TARGETED_DEVICE_FAMILY = "1,2";
			};
			name = Release;
		};
/* End XCBuildConfiguration section */

/* Begin XCConfigurationList section */
		238FC8382CA76CDA008A7D2B /* Build configuration list for PBXNativeTarget "RidesTests" */ = {
			isa = XCConfigurationList;
			buildConfigurations = (
				238FC8362CA76CDA008A7D2B /* Debug */,
				238FC8372CA76CDA008A7D2B /* Release */,
			);
			defaultConfigurationIsVisible = 0;
			defaultConfigurationName = Release;
		};
		23E13CAB2CA706DB00253006 /* Build configuration list for PBXProject "Rides" */ = {
			isa = XCConfigurationList;
			buildConfigurations = (
				23E13CBC2CA706DC00253006 /* Debug */,
				23E13CBD2CA706DC00253006 /* Release */,
			);
			defaultConfigurationIsVisible = 0;
			defaultConfigurationName = Release;
		};
		23E13CBE2CA706DC00253006 /* Build configuration list for PBXNativeTarget "Rides" */ = {
			isa = XCConfigurationList;
			buildConfigurations = (
				23E13CBF2CA706DC00253006 /* Debug */,
				23E13CC02CA706DC00253006 /* Release */,
			);
			defaultConfigurationIsVisible = 0;
			defaultConfigurationName = Release;
		};
/* End XCConfigurationList section */
	};
	rootObject = 23E13CA82CA706DB00253006 /* Project object */;
}
